{
  "name": "My-Projects",
  "lockfileVersion": 3,
  "requires": true,
  "packages": {
    "": {
      "dependencies": {
        "vue3-google-oauth2": "^1.0.7"
      }
    },
    "node_modules/vue3-google-oauth2": {
      "version": "1.0.7",
      "resolved": "https://registry.npmjs.org/vue3-google-oauth2/-/vue3-google-oauth2-1.0.7.tgz",
      "integrity": "sha512-XZv5+IVRLqKrsfm6DamD75e4LPynDt3xpmEw3SQBKfnUvpaIq6YuimOCPoXMfedR6nQHJeZkw62E/ii2disppA==",
      "license": "MIT"
    }
  }
}
